{
    "_meta": {
        "hash": {
            "sha256": "2e98f46d80b708014fbad227781cd1f1fbe758dc4ec1ce9a017d387cde50a80b"
        },
        "pipfile-spec": 6,
        "requires": {
            "python_version": "3.12"
        },
        "sources": [
            {
                "name": "pypi",
                "url": "https://pypi.org/simple",
                "verify_ssl": true
            }
        ]
    },
    "default": {
        "atlas-provider-sqlalchemy": {
            "hashes": [
                "sha256:5b97f8b1c662246c2409a06a33a578d4b936c3d0d7581ce63e8eda541998de16",
                "sha256:b3f4297ed118d234f6aa82b5153adc21c06c8f50fc99fceb9ceda0ee26b009ab"
            ],
            "index": "pypi",
            "markers": "python_version >= '3.8' and python_version < '4.0'",
            "version": "==0.1.5"
        },
        "click": {
            "hashes": [
                "sha256:ae74fb96c20a0277a1d615f1e4d73c8414f5a98db8b799a7931d1582f3390c28",
                "sha256:ca9853ad459e787e2192211578cc907e7594e294c7ccc834310722b41b9ca6de"
            ],
            "markers": "python_version >= '3.7'",
            "version": "==8.1.7"
        },
        "markdown-it-py": {
            "hashes": [
                "sha256:355216845c60bd96232cd8d8c40e8f9765cc86f46880e43a8fd22dc1a1a8cab1",
                "sha256:e3f60a94fa066dc52ec76661e37c851cb232d92f9886b15cb560aaada2df8feb"
            ],
            "markers": "python_version >= '3.8'",
            "version": "==3.0.0"
        },
        "mdurl": {
            "hashes": [
                "sha256:84008a41e51615a49fc9966191ff91509e3c40b939176e643fd50a5c2196b8f8",
                "sha256:bb413d29f5eea38f31dd4754dd7377d4465116fb207585f97bf925588687c1ba"
            ],
            "markers": "python_version >= '3.7'",
            "version": "==0.1.2"
        },
        "pygments": {
            "hashes": [
                "sha256:b27c2826c47d0f3219f29554824c30c5e8945175d888647acd804ddd04af846c",
                "sha256:da46cec9fd2de5be3a8a784f434e4c4ab670b4ff54d605c4c2717e9d49c4c367"
            ],
            "markers": "python_version >= '3.7'",
            "version": "==2.17.2"
        },
        "rich": {
            "hashes": [
                "sha256:4edbae314f59eb482f54e9e30bf00d33350aaa94f4bfcd4e9e3110e64d0d7222",
                "sha256:9be308cb1fe2f1f57d67ce99e95af38a1e2bc71ad9813b0e247cf7ffbcc3a432"
            ],
            "markers": "python_full_version >= '3.7.0'",
            "version": "==13.7.1"
        },
        "shellingham": {
            "hashes": [
                "sha256:7ecfff8f2fd72616f7481040475a65b2bf8af90a56c89140852d1120324e8686",
                "sha256:8dbca0739d487e5bd35ab3ca4b36e11c4078f3a234bfce294b0a0291363404de"
            ],
            "markers": "python_version >= '3.7'",
            "version": "==1.5.4"
        },
        "sqlalchemy": {
            "hashes": [
                "sha256:01d10638a37460616708062a40c7b55f73e4d35eaa146781c683e0fa7f6c43fb",
                "sha256:04c487305ab035a9548f573763915189fc0fe0824d9ba28433196f8436f1449c",
                "sha256:0dfefdb3e54cd15f5d56fd5ae32f1da2d95d78319c1f6dfb9bcd0eb15d603d5d",
                "sha256:0f3ca96af060a5250a8ad5a63699180bc780c2edf8abf96c58af175921df847a",
                "sha256:205f5a2b39d7c380cbc3b5dcc8f2762fb5bcb716838e2d26ccbc54330775b003",
                "sha256:25664e18bef6dc45015b08f99c63952a53a0a61f61f2e48a9e70cec27e55f699",
                "sha256:296195df68326a48385e7a96e877bc19aa210e485fa381c5246bc0234c36c78e",
                "sha256:2a0732dffe32333211801b28339d2a0babc1971bc90a983e3035e7b0d6f06b93",
                "sha256:3071ad498896907a5ef756206b9dc750f8e57352113c19272bdfdc429c7bd7de",
                "sha256:308ef9cb41d099099fffc9d35781638986870b29f744382904bf9c7dadd08513",
                "sha256:334184d1ab8f4c87f9652b048af3f7abea1c809dfe526fb0435348a6fef3d380",
                "sha256:38b624e5cf02a69b113c8047cf7f66b5dfe4a2ca07ff8b8716da4f1b3ae81567",
                "sha256:471fcb39c6adf37f820350c28aac4a7df9d3940c6548b624a642852e727ea586",
                "sha256:4c142852ae192e9fe5aad5c350ea6befe9db14370b34047e1f0f7cf99e63c63b",
                "sha256:4f6d971255d9ddbd3189e2e79d743ff4845c07f0633adfd1de3f63d930dbe673",
                "sha256:52c8011088305476691b8750c60e03b87910a123cfd9ad48576d6414b6ec2a1d",
                "sha256:52de4736404e53c5c6a91ef2698c01e52333988ebdc218f14c833237a0804f1b",
                "sha256:5c7b02525ede2a164c5fa5014915ba3591730f2cc831f5be9ff3b7fd3e30958e",
                "sha256:5ef3fbccb4058355053c51b82fd3501a6e13dd808c8d8cd2561e610c5456013c",
                "sha256:5f20cb0a63a3e0ec4e169aa8890e32b949c8145983afa13a708bc4b0a1f30e03",
                "sha256:61405ea2d563407d316c63a7b5271ae5d274a2a9fbcd01b0aa5503635699fa1e",
                "sha256:77d29cb6c34b14af8a484e831ab530c0f7188f8efed1c6a833a2c674bf3c26ec",
                "sha256:7b184e3de58009cc0bf32e20f137f1ec75a32470f5fede06c58f6c355ed42a72",
                "sha256:7e614d7a25a43a9f54fcce4675c12761b248547f3d41b195e8010ca7297c369c",
                "sha256:8197d6f7a3d2b468861ebb4c9f998b9df9e358d6e1cf9c2a01061cb9b6cf4e41",
                "sha256:87a1d53a5382cdbbf4b7619f107cc862c1b0a4feb29000922db72e5a66a5ffc0",
                "sha256:8c37f1050feb91f3d6c32f864d8e114ff5545a4a7afe56778d76a9aec62638ba",
                "sha256:90453597a753322d6aa770c5935887ab1fc49cc4c4fdd436901308383d698b4b",
                "sha256:988569c8732f54ad3234cf9c561364221a9e943b78dc7a4aaf35ccc2265f1930",
                "sha256:99a1e69d4e26f71e750e9ad6fdc8614fbddb67cfe2173a3628a2566034e223c7",
                "sha256:9b19836ccca0d321e237560e475fd99c3d8655d03da80c845c4da20dda31b6e1",
                "sha256:9d6753305936eddc8ed190e006b7bb33a8f50b9854823485eed3a886857ab8d1",
                "sha256:a13b917b4ffe5a0a31b83d051d60477819ddf18276852ea68037a144a506efb9",
                "sha256:a88913000da9205b13f6f195f0813b6ffd8a0c0c2bd58d499e00a30eb508870c",
                "sha256:b2a0e3cf0caac2085ff172c3faacd1e00c376e6884b5bc4dd5b6b84623e29e4f",
                "sha256:b5d7ed79df55a731749ce65ec20d666d82b185fa4898430b17cb90c892741520",
                "sha256:bab41acf151cd68bc2b466deae5deeb9e8ae9c50ad113444151ad965d5bf685b",
                "sha256:bd9566b8e58cabd700bc367b60e90d9349cd16f0984973f98a9a09f9c64e86f0",
                "sha256:bda7ce59b06d0f09afe22c56714c65c957b1068dee3d5e74d743edec7daba552",
                "sha256:c2f9c762a2735600654c654bf48dad388b888f8ce387b095806480e6e4ff6907",
                "sha256:c4520047006b1d3f0d89e0532978c0688219857eb2fee7c48052560ae76aca1e",
                "sha256:d96710d834a6fb31e21381c6d7b76ec729bd08c75a25a5184b1089141356171f",
                "sha256:dba622396a3170974f81bad49aacebd243455ec3cc70615aeaef9e9613b5bca5",
                "sha256:dc4ee2d4ee43251905f88637d5281a8d52e916a021384ec10758826f5cbae305",
                "sha256:dddaae9b81c88083e6437de95c41e86823d150f4ee94bf24e158a4526cbead01",
                "sha256:de7202ffe4d4a8c1e3cde1c03e01c1a3772c92858837e8f3879b497158e4cb44",
                "sha256:e5bbe55e8552019c6463709b39634a5fc55e080d0827e2a3a11e18eb73f5cdbd",
                "sha256:ea311d4ee9a8fa67f139c088ae9f905fcf0277d6cd75c310a21a88bf85e130f5",
                "sha256:fecd5089c4be1bcc37c35e9aa678938d2888845a134dd016de457b942cf5a758"
            ],
            "markers": "python_version >= '3.7'",
            "version": "==2.0.29"
        },
        "typer": {
            "hashes": [
                "sha256:070d7ca53f785acbccba8e7d28b08dcd88f79f1fbda035ade0aecec71ca5c914",
                "sha256:49e73131481d804288ef62598d97a1ceef3058905aa536a1134f90891ba35482"
            ],
            "markers": "python_version >= '3.7'",
            "version": "==0.12.3"
        },
        "typing-extensions": {
            "hashes": [
                "sha256:83f085bd5ca59c80295fc2a82ab5dac679cbe02b9f33f7d83af68e241bea51b0",
                "sha256:c1f94d72897edaf4ce775bb7558d5b79d8126906a14ea5ed1635921406c0387a"
            ],
            "markers": "python_version >= '3.8'",
            "version": "==4.11.0"
        }
    },
    "develop": {}
}
